
Microsoft Visual Studio Solution File, Format Version 11.00
# Visual Studio 2010
Project("{8BC9CEB8-8B4A-11D0-8D11-00A0C91BC942}") = "Tips-and-Tricks", "Tips-and-Tricks.vcxproj", "{65107B20-62D4-4B2E-9CFF-16D9CE6DFEB5}"
EndProject
Global
	GlobalSection(SolutionConfigurationPlatforms) = preSolution
		Debug|Win32 = Debug|Win32
		Release|Win32 = Release|Win32
	EndGlobalSection
	GlobalSection(ProjectConfigurationPlatforms) = postSolution
		{65107B20-62D4-4B2E-9CFF-16D9CE6DFEB5}.Debug|Win32.ActiveCfg = Debug|Win32
		{65107B20-62D4-4B2E-9CFF-16D9CE6DFEB5}.Debug|Win32.Build.0 = Debug|Win32
		{65107B20-62D4-4B2E-9CFF-16D9CE6DFEB5}.Release|Win32.ActiveCfg = Release|Win32
		{65107B20-62D4-4B2E-9CFF-16D9CE6DFEB5}.Release|Win32.Build.0 = Release|Win32
	EndGlobalSection
	GlobalSection(SolutionProperties) = preSolution
		HideSolutionNode = FALSE
	EndGlobalSection
EndGlobal
